[[package]]
name = "pika"
version = "1.2.0"
description = "Pika Python AMQP Client Library"
category = "main"
optional = false
python-versions = "*"

[package.extras]
gevent = ["gevent"]
tornado = ["tornado"]
twisted = ["twisted"]

[[package]]
name = "protobuf"
version = "3.15.6"
description = "Protocol Buffers"
category = "main"
optional = false
python-versions = "*"

[package.dependencies]
six = ">=1.9"

[[package]]
name = "pydantic"
version = "1.8.1"
description = "Data validation and settings management using python 3.6 type hinting"
category = "main"
optional = false
python-versions = ">=3.6.1"

[package.dependencies]
typing-extensions = ">=3.7.4.3"

[package.extras]
dotenv = ["python-dotenv (>=0.10.4)"]
email = ["email-validator (>=1.0.3)"]

[[package]]
name = "six"
version = "1.15.0"
description = "Python 2 and 3 compatibility utilities"
category = "main"
optional = false
python-versions = ">=2.7, !=3.0.*, !=3.1.*, !=3.2.*"

[[package]]
name = "typing-extensions"
version = "3.7.4.3"
description = "Backported and Experimental Type Hints for Python 3.5+"
category = "main"
optional = false
python-versions = "*"

[[package]]
name = "urllib3"
version = "1.26.4"
description = "HTTP library with thread-safe connection pooling, file post, and more."
category = "main"
optional = false
python-versions = ">=2.7, !=3.0.*, !=3.1.*, !=3.2.*, !=3.3.*, !=3.4.*, <4"

[package.extras]
secure = ["pyOpenSSL (>=0.14)", "cryptography (>=1.3.4)", "idna (>=2.0.0)", "certifi", "ipaddress"]
socks = ["PySocks (>=1.5.6,!=1.5.7,<2.0)"]
brotli = ["brotlipy (>=0.6.0)"]

[metadata]
lock-version = "1.1"
python-versions = "^3.8"
content-hash = "f0edcde3be86933142cd0dc8eda6e1bb6046e9225d4c3d0246bb7ffe0e160f9a"

[metadata.files]
pika = [
    {file = "pika-1.2.0-py2.py3-none-any.whl", hash = "sha256:59da6701da1aeaf7e5e93bb521cc03129867f6e54b7dd352c4b3ecb2bd7ec624"},
    {file = "pika-1.2.0.tar.gz", hash = "sha256:f023d6ac581086b124190cb3dc81dd581a149d216fa4540ac34f9be1e3970b89"},
]
protobuf = [
    {file = "protobuf-3.15.6-cp27-cp27m-macosx_10_9_x86_64.whl", hash = "sha256:1771ef20e88759c4d81db213e89b7a1fc53937968e12af6603c658ee4bcbfa38"},
    {file = "protobuf-3.15.6-cp27-cp27mu-manylinux1_x86_64.whl", hash = "sha256:1a66261a402d05c8ad8c1fde8631837307bf8d7e7740a4f3941fc3277c2e1528"},
    {file = "protobuf-3.15.6-cp35-cp35m-macosx_10_9_intel.whl", hash = "sha256:eac23a3e56175b710f3da9a9e8e2aa571891fbec60e0c5a06db1c7b1613b5cfd"},
    {file = "protobuf-3.15.6-cp35-cp35m-manylinux1_x86_64.whl", hash = "sha256:9ec220d90eda8bb7a7a1434a8aed4fe26d7e648c1a051c2885f3f5725b6aa71a"},
    {file = "protobuf-3.15.6-cp35-cp35m-win32.whl", hash = "sha256:88d8f21d1ac205eedb6dea943f8204ed08201b081dba2a966ab5612788b9bb1e"},
    {file = "protobuf-3.15.6-cp35-cp35m-win_amd64.whl", hash = "sha256:eaada29bbf087dea7d8bce4d1d604fc768749e8809e9c295922accd7c8fce4d5"},
    {file = "protobuf-3.15.6-cp36-cp36m-macosx_10_9_x86_64.whl", hash = "sha256:256c0b2e338c1f3228d3280707606fe5531fde85ab9d704cde6fdeb55112531f"},
    {file = "protobuf-3.15.6-cp36-cp36m-manylinux1_x86_64.whl", hash = "sha256:b9069e45b6e78412fba4a314ea38b4a478686060acf470d2b131b3a2c50484ec"},
    {file = "protobuf-3.15.6-cp36-cp36m-win32.whl", hash = "sha256:24f4697f57b8520c897a401b7f9a5ae45c369e22c572e305dfaf8053ecb49687"},
    {file = "protobuf-3.15.6-cp36-cp36m-win_amd64.whl", hash = "sha256:d9ed0955b794f1e5f367e27f8a8ff25501eabe34573f003f06639c366ca75f73"},
    {file = "protobuf-3.15.6-cp37-cp37m-macosx_10_9_x86_64.whl", hash = "sha256:822ac7f87fc2fb9b24edd2db390538b60ef50256e421ca30d65250fad5a3d477"},
    {file = "protobuf-3.15.6-cp37-cp37m-manylinux1_x86_64.whl", hash = "sha256:74ac159989e2b02d761188a2b6f4601ff5e494d9b9d863f5ad6e98e5e0c54328"},
    {file = "protobuf-3.15.6-cp37-cp37m-win32.whl", hash = "sha256:30fe4249a364576f9594180589c3f9c4771952014b5f77f0372923fc7bafbbe2"},
    {file = "protobuf-3.15.6-cp37-cp37m-win_amd64.whl", hash = "sha256:45a91fc6f9aa86d3effdeda6751882b02de628519ba06d7160daffde0c889ff8"},
    {file = "protobuf-3.15.6-cp38-cp38-macosx_10_9_x86_64.whl", hash = "sha256:83c7c7534f050cb25383bb817159416601d1cc46c40bc5e851ec8bbddfc34a2f"},
    {file = "protobuf-3.15.6-cp38-cp38-manylinux1_x86_64.whl", hash = "sha256:9ec20a6ded7d0888e767ad029dbb126e604e18db744ac0a428cf746e040ccecd"},
    {file = "protobuf-3.15.6-cp39-cp39-macosx_10_9_x86_64.whl", hash = "sha256:0f2da2fcc4102b6c3b57f03c9d8d5e37c63f8bc74deaa6cb54e0cc4524a77247"},
    {file = "protobuf-3.15.6-cp39-cp39-manylinux1_x86_64.whl", hash = "sha256:70054ae1ce5dea7dec7357db931fcf487f40ea45b02cb719ee6af07eb1e906fb"},
    {file = "protobuf-3.15.6-py2.py3-none-any.whl", hash = "sha256:1655fc0ba7402560d749de13edbfca1ac45d1753d8f4e5292989f18f5a00c215"},
    {file = "protobuf-3.15.6.tar.gz", hash = "sha256:2b974519a2ae83aa1e31cff9018c70bbe0e303a46a598f982943c49ae1d4fcd3"},
]
pydantic = [
    {file = "pydantic-1.8.1-cp36-cp36m-macosx_10_9_x86_64.whl", hash = "sha256:0c40162796fc8d0aa744875b60e4dc36834db9f2a25dbf9ba9664b1915a23850"},
    {file = "pydantic-1.8.1-cp36-cp36m-manylinux1_i686.whl", hash = "sha256:fff29fe54ec419338c522b908154a2efabeee4f483e48990f87e189661f31ce3"},
    {file = "pydantic-1.8.1-cp36-cp36m-manylinux2014_i686.whl", hash = "sha256:fbfb608febde1afd4743c6822c19060a8dbdd3eb30f98e36061ba4973308059e"},
    {file = "pydantic-1.8.1-cp36-cp36m-manylinux2014_x86_64.whl", hash = "sha256:eb8ccf12295113ce0de38f80b25f736d62f0a8d87c6b88aca645f168f9c78771"},
    {file = "pydantic-1.8.1-cp36-cp36m-win_amd64.whl", hash = "sha256:20d42f1be7c7acc352b3d09b0cf505a9fab9deb93125061b376fbe1f06a5459f"},
    {file = "pydantic-1.8.1-cp37-cp37m-macosx_10_9_x86_64.whl", hash = "sha256:dde4ca368e82791de97c2ec019681ffb437728090c0ff0c3852708cf923e0c7d"},
    {file = "pydantic-1.8.1-cp37-cp37m-manylinux1_i686.whl", hash = "sha256:3bbd023c981cbe26e6e21c8d2ce78485f85c2e77f7bab5ec15b7d2a1f491918f"},
    {file = "pydantic-1.8.1-cp37-cp37m-manylinux2014_i686.whl", hash = "sha256:830ef1a148012b640186bf4d9789a206c56071ff38f2460a32ae67ca21880eb8"},
    {file = "pydantic-1.8.1-cp37-cp37m-manylinux2014_x86_64.whl", hash = "sha256:fb77f7a7e111db1832ae3f8f44203691e15b1fa7e5a1cb9691d4e2659aee41c4"},
    {file = "pydantic-1.8.1-cp37-cp37m-win_amd64.whl", hash = "sha256:3bcb9d7e1f9849a6bdbd027aabb3a06414abd6068cb3b21c49427956cce5038a"},
    {file = "pydantic-1.8.1-cp38-cp38-macosx_10_9_x86_64.whl", hash = "sha256:2287ebff0018eec3cc69b1d09d4b7cebf277726fa1bd96b45806283c1d808683"},
    {file = "pydantic-1.8.1-cp38-cp38-manylinux1_i686.whl", hash = "sha256:4bbc47cf7925c86a345d03b07086696ed916c7663cb76aa409edaa54546e53e2"},
    {file = "pydantic-1.8.1-cp38-cp38-manylinux2014_i686.whl", hash = "sha256:6388ef4ef1435364c8cc9a8192238aed030595e873d8462447ccef2e17387125"},
    {file = "pydantic-1.8.1-cp38-cp38-manylinux2014_x86_64.whl", hash = "sha256:dd4888b300769ecec194ca8f2699415f5f7760365ddbe243d4fd6581485fa5f0"},
    {file = "pydantic-1.8.1-cp38-cp38-win_amd64.whl", hash = "sha256:8fbb677e4e89c8ab3d450df7b1d9caed23f254072e8597c33279460eeae59b99"},
    {file = "pydantic-1.8.1-cp39-cp39-macosx_10_9_x86_64.whl", hash = "sha256:2f2736d9a996b976cfdfe52455ad27462308c9d3d0ae21a2aa8b4cd1a78f47b9"},
    {file = "pydantic-1.8.1-cp39-cp39-manylinux1_i686.whl", hash = "sha256:3114d74329873af0a0e8004627f5389f3bb27f956b965ddd3e355fe984a1789c"},
    {file = "pydantic-1.8.1-cp39-cp39-manylinux2014_i686.whl", hash = "sha256:258576f2d997ee4573469633592e8b99aa13bda182fcc28e875f866016c8e07e"},
    {file = "pydantic-1.8.1-cp39-cp39-manylinux2014_x86_64.whl", hash = "sha256:c17a0b35c854049e67c68b48d55e026c84f35593c66d69b278b8b49e2484346f"},
    {file = "pydantic-1.8.1-cp39-cp39-win_amd64.whl", hash = "sha256:e8bc082afef97c5fd3903d05c6f7bb3a6af9fc18631b4cc9fedeb4720efb0c58"},
    {file = "pydantic-1.8.1-py3-none-any.whl", hash = "sha256:e3f8790c47ac42549dc8b045a67b0ca371c7f66e73040d0197ce6172b385e520"},
    {file = "pydantic-1.8.1.tar.gz", hash = "sha256:26cf3cb2e68ec6c0cfcb6293e69fb3450c5fd1ace87f46b64f678b0d29eac4c3"},
]
six = [
    {file = "six-1.15.0-py2.py3-none-any.whl", hash = "sha256:8b74bedcbbbaca38ff6d7491d76f2b06b3592611af620f8426e82dddb04a5ced"},
    {file = "six-1.15.0.tar.gz", hash = "sha256:30639c035cdb23534cd4aa2dd52c3bf48f06e5f4a941509c8bafd8ce11080259"},
]
typing-extensions = [
    {file = "typing_extensions-3.7.4.3-py2-none-any.whl", hash = "sha256:dafc7639cde7f1b6e1acc0f457842a83e722ccca8eef5270af2d74792619a89f"},
    {file = "typing_extensions-3.7.4.3-py3-none-any.whl", hash = "sha256:7cb407020f00f7bfc3cb3e7881628838e69d8f3fcab2f64742a5e76b2f841918"},
    {file = "typing_extensions-3.7.4.3.tar.gz", hash = "sha256:99d4073b617d30288f569d3f13d2bd7548c3a7e4c8de87db09a9d29bb3a4a60c"},
]
urllib3 = [
    {file = "urllib3-1.26.4-py2.py3-none-any.whl", hash = "sha256:2f4da4594db7e1e110a944bb1b551fdf4e6c136ad42e4234131391e21eb5b0df"},
    {file = "urllib3-1.26.4.tar.gz", hash = "sha256:e7b021f7241115872f92f43c6508082facffbd1c048e3c6e2bb9c2a157e28937"},
]
